
Microsoft Visual Studio Solution File, Format Version 12.00
# Visual Studio Version 16
VisualStudioVersion = 16.0.33027.164
MinimumVisualStudioVersion = 10.0.40219.1
Project("{FAE04EC0-301F-11D3-BF4B-00C04F79EFBC}") = "MimatAPI", "MimatAPI\MimatAPI.csproj", "{0A2CB5CD-226B-406A-B10C-4DBC63F1EB37}"
EndProject
Global
	GlobalSection(SolutionConfigurationPlatforms) = preSolution
		Debug|Any CPU = Debug|Any CPU
		Release|Any CPU = Release|Any CPU
	EndGlobalSection
	GlobalSection(ProjectConfigurationPlatforms) = postSolution
		{0A2CB5CD-226B-406A-B10C-4DBC63F1EB37}.Debug|Any CPU.ActiveCfg = Debug|Any CPU
		{0A2CB5CD-226B-406A-B10C-4DBC63F1EB37}.Debug|Any CPU.Build.0 = Debug|Any CPU
		{0A2CB5CD-226B-406A-B10C-4DBC63F1EB37}.Release|Any CPU.ActiveCfg = Release|Any CPU
		{0A2CB5CD-226B-406A-B10C-4DBC63F1EB37}.Release|Any CPU.Build.0 = Release|Any CPU
	EndGlobalSection
	GlobalSection(SolutionProperties) = preSolution
		HideSolutionNode = FALSE
	EndGlobalSection
	GlobalSection(ExtensibilityGlobals) = postSolution
		SolutionGuid = {CAE203C6-29B6-4D7C-838B-F1328D142626}
	EndGlobalSection
EndGlobal
